// !$*UTF8*$!
{
	archiveVersion = 1;
	classes = {
	};
	objectVersion = 56;
	objects = {

/* Begin PBXBuildFile section */
		AE0A00382BED43DC0017E6E9 /* I_AM_RICH_2App.swift in Sources */ = {isa = PBXBuildFile; fileRef = AE0A00372BED43DC0017E6E9 /* I_AM_RICH_2App.swift */; };
		AE0A003A2BED43DC0017E6E9 /* ContentView.swift in Sources */ = {isa = PBXBuildFile; fileRef = AE0A00392BED43DC0017E6E9 /* ContentView.swift */; };
		AE0A003C2BED43DC0017E6E9 /* Assets.xcassets in Resources */ = {isa = PBXBuildFile; fileRef = AE0A003B2BED43DC0017E6E9 /* Assets.xcassets */; };
		AE0A003F2BED43DC0017E6E9 /* Preview Assets.xcassets in Resources */ = {isa = PBXBuildFile; fileRef = AE0A003E2BED43DC0017E6E9 /* Preview Assets.xcassets */; };
		AE0A00492BED43DD0017E6E9 /* I_AM_RICH_2Tests.swift in Sources */ = {isa = PBXBuildFile; fileRef = AE0A00482BED43DD0017E6E9 /* I_AM_RICH_2Tests.swift */; };
		AE0A00532BED43DD0017E6E9 /* I_AM_RICH_2UITests.swift in Sources */ = {isa = PBXBuildFile; fileRef = AE0A00522BED43DD0017E6E9 /* I_AM_RICH_2UITests.swift */; };
		AE0A00552BED43DD0017E6E9 /* I_AM_RICH_2UITestsLaunchTests.swift in Sources */ = {isa = PBXBuildFile; fileRef = AE0A00542BED43DD0017E6E9 /* I_AM_RICH_2UITestsLaunchTests.swift */; };
/* End PBXBuildFile section */

/* Begin PBXContainerItemProxy section */
		AE0A00452BED43DD0017E6E9 /* PBXContainerItemProxy */ = {
			isa = PBXContainerItemProxy;
			containerPortal = AE0A002C2BED43DB0017E6E9 /* Project object */;
			proxyType = 1;
			remoteGlobalIDString = AE0A00332BED43DB0017E6E9;
			remoteInfo = "I AM RICH 2";
		};
		AE0A004F2BED43DD0017E6E9 /* PBXContainerItemProxy */ = {
			isa = PBXContainerItemProxy;
			containerPortal = AE0A002C2BED43DB0017E6E9 /* Project object */;
			proxyType = 1;
			remoteGlobalIDString = AE0A00332BED43DB0017E6E9;
			remoteInfo = "I AM RICH 2";
		};
/* End PBXContainerItemProxy section */

/* Begin PBXFileReference section */
		AE0A00342BED43DC0017E6E9 /* I AM RICH 2.app */ = {isa = PBXFileReference; explicitFileType = wrapper.application; includeInIndex = 0; path = "I AM RICH 2.app"; sourceTree = BUILT_PRODUCTS_DIR; };
		AE0A00372BED43DC0017E6E9 /* I_AM_RICH_2App.swift */ = {isa = PBXFileReference; lastKnownFileType = sourcecode.swift; path = I_AM_RICH_2App.swift; sourceTree = "<group>"; };
		AE0A00392BED43DC0017E6E9 /* ContentView.swift */ = {isa = PBXFileReference; lastKnownFileType = sourcecode.swift; path = ContentView.swift; sourceTree = "<group>"; };
		AE0A003B2BED43DC0017E6E9 /* Assets.xcassets */ = {isa = PBXFileReference; lastKnownFileType = folder.assetcatalog; path = Assets.xcassets; sourceTree = "<group>"; };
		AE0A003E2BED43DC0017E6E9 /* Preview Assets.xcassets */ = {isa = PBXFileReference; lastKnownFileType = folder.assetcatalog; path = "Preview Assets.xcassets"; sourceTree = "<group>"; };
		AE0A00442BED43DD0017E6E9 /* I AM RICH 2Tests.xctest */ = {isa = PBXFileReference; explicitFileType = wrapper.cfbundle; includeInIndex = 0; path = "I AM RICH 2Tests.xctest"; sourceTree = BUILT_PRODUCTS_DIR; };
		AE0A00482BED43DD0017E6E9 /* I_AM_RICH_2Tests.swift */ = {isa = PBXFileReference; lastKnownFileType = sourcecode.swift; path = I_AM_RICH_2Tests.swift; sourceTree = "<group>"; };
		AE0A004E2BED43DD0017E6E9 /* I AM RICH 2UITests.xctest */ = {isa = PBXFileReference; explicitFileType = wrapper.cfbundle; includeInIndex = 0; path = "I AM RICH 2UITests.xctest"; sourceTree = BUILT_PRODUCTS_DIR; };
		AE0A00522BED43DD0017E6E9 /* I_AM_RICH_2UITests.swift */ = {isa = PBXFileReference; lastKnownFileType = sourcecode.swift; path = I_AM_RICH_2UITests.swift; sourceTree = "<group>"; };
		AE0A00542BED43DD0017E6E9 /* I_AM_RICH_2UITestsLaunchTests.swift */ = {isa = PBXFileReference; lastKnownFileType = sourcecode.swift; path = I_AM_RICH_2UITestsLaunchTests.swift; sourceTree = "<group>"; };
/* End PBXFileReference section */

/* Begin PBXFrameworksBuildPhase section */
		AE0A00312BED43DB0017E6E9 /* Frameworks */ = {
			isa = PBXFrameworksBuildPhase;
			buildActionMask = 2147483647;
			files = (
			);
			runOnlyForDeploymentPostprocessing = 0;
		};
		AE0A00412BED43DD0017E6E9 /* Frameworks */ = {
			isa = PBXFrameworksBuildPhase;
			buildActionMask = 2147483647;
			files = (
			);
			runOnlyForDeploymentPostprocessing = 0;
		};
		AE0A004B2BED43DD0017E6E9 /* Frameworks */ = {
			isa = PBXFrameworksBuildPhase;
			buildActionMask = 2147483647;
			files = (
			);
			runOnlyForDeploymentPostprocessing = 0;
		};
/* End PBXFrameworksBuildPhase section */

/* Begin PBXGroup section */
		AE0A002B2BED43DB0017E6E9 = {
			isa = PBXGroup;
			children = (
				AE0A00362BED43DC0017E6E9 /* I AM RICH 2 */,
				AE0A00472BED43DD0017E6E9 /* I AM RICH 2Tests */,
				AE0A00512BED43DD0017E6E9 /* I AM RICH 2UITests */,
				AE0A00352BED43DC0017E6E9 /* Products */,
			);
			sourceTree = "<group>";
		};
		AE0A00352BED43DC0017E6E9 /* Products */ = {
			isa = PBXGroup;
			children = (
				AE0A00342BED43DC0017E6E9 /* I AM RICH 2.app */,
				AE0A00442BED43DD0017E6E9 /* I AM RICH 2Tests.xctest */,
				AE0A004E2BED43DD0017E6E9 /* I AM RICH 2UITests.xctest */,
			);
			name = Products;
			sourceTree = "<group>";
		};
		AE0A00362BED43DC0017E6E9 /* I AM RICH 2 */ = {
			isa = PBXGroup;
			children = (
				AE0A00372BED43DC0017E6E9 /* I_AM_RICH_2App.swift */,
				AE0A00392BED43DC0017E6E9 /* ContentView.swift */,
				AE0A003B2BED43DC0017E6E9 /* Assets.xcassets */,
				AE0A003D2BED43DC0017E6E9 /* Preview Content */,
			);
			path = "I AM RICH 2";
			sourceTree = "<group>";
		};
		AE0A003D2BED43DC0017E6E9 /* Preview Content */ = {
			isa = PBXGroup;
			children = (
				AE0A003E2BED43DC0017E6E9 /* Preview Assets.xcassets */,
			);
			path = "Preview Content";
			sourceTree = "<group>";
		};
		AE0A00472BED43DD0017E6E9 /* I AM RICH 2Tests */ = {
			isa = PBXGroup;
			children = (
				AE0A00482BED43DD0017E6E9 /* I_AM_RICH_2Tests.swift */,
			);
			path = "I AM RICH 2Tests";
			sourceTree = "<group>";
		};
		AE0A00512BED43DD0017E6E9 /* I AM RICH 2UITests */ = {
			isa = PBXGroup;
			children = (
				AE0A00522BED43DD0017E6E9 /* I_AM_RICH_2UITests.swift */,
				AE0A00542BED43DD0017E6E9 /* I_AM_RICH_2UITestsLaunchTests.swift */,
			);
			path = "I AM RICH 2UITests";
			sourceTree = "<group>";
		};
/* End PBXGroup section */

/* Begin PBXNativeTarget section */
		AE0A00332BED43DB0017E6E9 /* I AM RICH 2 */ = {
			isa = PBXNativeTarget;
			buildConfigurationList = AE0A00582BED43DD0017E6E9 /* Build configuration list for PBXNativeTarget "I AM RICH 2" */;
			buildPhases = (
				AE0A00302BED43DB0017E6E9 /* Sources */,
				AE0A00312BED43DB0017E6E9 /* Frameworks */,
				AE0A00322BED43DB0017E6E9 /* Resources */,
			);
			buildRules = (
			);
			dependencies = (
			);
			name = "I AM RICH 2";
			productName = "I AM RICH 2";
			productReference = AE0A00342BED43DC0017E6E9 /* I AM RICH 2.app */;
			productType = "com.apple.product-type.application";
		};
		AE0A00432BED43DD0017E6E9 /* I AM RICH 2Tests */ = {
			isa = PBXNativeTarget;
			buildConfigurationList = AE0A005B2BED43DD0017E6E9 /* Build configuration list for PBXNativeTarget "I AM RICH 2Tests" */;
			buildPhases = (
				AE0A00402BED43DD0017E6E9 /* Sources */,
				AE0A00412BED43DD0017E6E9 /* Frameworks */,
				AE0A00422BED43DD0017E6E9 /* Resources */,
			);
			buildRules = (
			);
			dependencies = (
				AE0A00462BED43DD0017E6E9 /* PBXTargetDependency */,
			);
			name = "I AM RICH 2Tests";
			productName = "I AM RICH 2Tests";
			productReference = AE0A00442BED43DD0017E6E9 /* I AM RICH 2Tests.xctest */;
			productType = "com.apple.product-type.bundle.unit-test";
		};
		AE0A004D2BED43DD0017E6E9 /* I AM RICH 2UITests */ = {
			isa = PBXNativeTarget;
			buildConfigurationList = AE0A005E2BED43DD0017E6E9 /* Build configuration list for PBXNativeTarget "I AM RICH 2UITests" */;
			buildPhases = (
				AE0A004A2BED43DD0017E6E9 /* Sources */,
				AE0A004B2BED43DD0017E6E9 /* Frameworks */,
				AE0A004C2BED43DD0017E6E9 /* Resources */,
			);
			buildRules = (
			);
			dependencies = (
				AE0A00502BED43DD0017E6E9 /* PBXTargetDependency */,
			);
			name = "I AM RICH 2UITests";
			productName = "I AM RICH 2UITests";
			productReference = AE0A004E2BED43DD0017E6E9 /* I AM RICH 2UITests.xctest */;
			productType = "com.apple.product-type.bundle.ui-testing";
		};
/* End PBXNativeTarget section */

/* Begin PBXProject section */
		AE0A002C2BED43DB0017E6E9 /* Project object */ = {
			isa = PBXProject;
			attributes = {
				BuildIndependentTargetsInParallel = 1;
				LastSwiftUpdateCheck = 1530;
				LastUpgradeCheck = 1530;
				TargetAttributes = {
					AE0A00332BED43DB0017E6E9 = {
						CreatedOnToolsVersion = 15.3;
					};
					AE0A00432BED43DD0017E6E9 = {
						CreatedOnToolsVersion = 15.3;
						TestTargetID = AE0A00332BED43DB0017E6E9;
					};
					AE0A004D2BED43DD0017E6E9 = {
						CreatedOnToolsVersion = 15.3;
						TestTargetID = AE0A00332BED43DB0017E6E9;
					};
				};
			};
			buildConfigurationList = AE0A002F2BED43DB0017E6E9 /* Build configuration list for PBXProject "I AM RICH 2" */;
			compatibilityVersion = "Xcode 14.0";
			developmentRegion = en;
			hasScannedForEncodings = 0;
			knownRegions = (
				en,
				Base,
			);
			mainGroup = AE0A002B2BED43DB0017E6E9;
			productRefGroup = AE0A00352BED43DC0017E6E9 /* Products */;
			projectDirPath = "";
			projectRoot = "";
			targets = (
				AE0A00332BED43DB0017E6E9 /* I AM RICH 2 */,
				AE0A00432BED43DD0017E6E9 /* I AM RICH 2Tests */,
				AE0A004D2BED43DD0017E6E9 /* I AM RICH 2UITests */,
			);
		};
/* End PBXProject section */

/* Begin PBXResourcesBuildPhase section */
		AE0A00322BED43DB0017E6E9 /* Resources */ = {
			isa = PBXResourcesBuildPhase;
			buildActionMask = 2147483647;
			files = (
				AE0A003F2BED43DC0017E6E9 /* Preview Assets.xcassets in Resources */,
				AE0A003C2BED43DC0017E6E9 /* Assets.xcassets in Resources */,
			);
			runOnlyForDeploymentPostprocessing = 0;
		};
		AE0A00422BED43DD0017E6E9 /* Resources */ = {
			isa = PBXResourcesBuildPhase;
			buildActionMask = 2147483647;
			files = (
			);
			runOnlyForDeploymentPostprocessing = 0;
		};
		AE0A004C2BED43DD0017E6E9 /* Resources */ = {
			isa = PBXResourcesBuildPhase;
			buildActionMask = 2147483647;
			files = (
			);
			runOnlyForDeploymentPostprocessing = 0;
		};
/* End PBXResourcesBuildPhase section */

/* Begin PBXSourcesBuildPhase section */
		AE0A00302BED43DB0017E6E9 /* Sources */ = {
			isa = PBXSourcesBuildPhase;
			buildActionMask = 2147483647;
			files = (
				AE0A003A2BED43DC0017E6E9 /* ContentView.swift in Sources */,
				AE0A00382BED43DC0017E6E9 /* I_AM_RICH_2App.swift in Sources */,
			);
			runOnlyForDeploymentPostprocessing = 0;
		};
		AE0A00402BED43DD0017E6E9 /* Sources */ = {
			isa = PBXSourcesBuildPhase;
			buildActionMask = 2147483647;
			files = (
				AE0A00492BED43DD0017E6E9 /* I_AM_RICH_2Tests.swift in Sources */,
			);
			runOnlyForDeploymentPostprocessing = 0;
		};
		AE0A004A2BED43DD0017E6E9 /* Sources */ = {
			isa = PBXSourcesBuildPhase;
			buildActionMask = 2147483647;
			files = (
				AE0A00532BED43DD0017E6E9 /* I_AM_RICH_2UITests.swift in Sources */,
				AE0A00552BED43DD0017E6E9 /* I_AM_RICH_2UITestsLaunchTests.swift in Sources */,
			);
			runOnlyForDeploymentPostprocessing = 0;
		};
/* End PBXSourcesBuildPhase section */

/* Begin PBXTargetDependency section */
		AE0A00462BED43DD0017E6E9 /* PBXTargetDependency */ = {
			isa = PBXTargetDependency;
			target = AE0A00332BED43DB0017E6E9 /* I AM RICH 2 */;
			targetProxy = AE0A00452BED43DD0017E6E9 /* PBXContainerItemProxy */;
		};
		AE0A00502BED43DD0017E6E9 /* PBXTargetDependency */ = {
			isa = PBXTargetDependency;
			target = AE0A00332BED43DB0017E6E9 /* I AM RICH 2 */;
			targetProxy = AE0A004F2BED43DD0017E6E9 /* PBXContainerItemProxy */;
		};
/* End PBXTargetDependency section */

/* Begin XCBuildConfiguration section */
		AE0A00562BED43DD0017E6E9 /* Debug */ = {
			isa = XCBuildConfiguration;
			buildSettings = {
				ALWAYS_SEARCH_USER_PATHS = NO;
				ASSETCATALOG_COMPILER_GENERATE_SWIFT_ASSET_SYMBOL_EXTENSIONS = YES;
				CLANG_ANALYZER_NONNULL = YES;
				CLANG_ANALYZER_NUMBER_OBJECT_CONVERSION = YES_AGGRESSIVE;
				CLANG_CXX_LANGUAGE_STANDARD = "gnu++20";
				CLANG_ENABLE_MODULES = YES;
				CLANG_ENABLE_OBJC_ARC = YES;
				CLANG_ENABLE_OBJC_WEAK = YES;
				CLANG_WARN_BLOCK_CAPTURE_AUTORELEASING = YES;
				CLANG_WARN_BOOL_CONVERSION = YES;
				CLANG_WARN_COMMA = YES;
				CLANG_WARN_CONSTANT_CONVERSION = YES;
				CLANG_WARN_DEPRECATED_OBJC_IMPLEMENTATIONS = YES;
				CLANG_WARN_DIRECT_OBJC_ISA_USAGE = YES_ERROR;
				CLANG_WARN_DOCUMENTATION_COMMENTS = YES;
				CLANG_WARN_EMPTY_BODY = YES;
				CLANG_WARN_ENUM_CONVERSION = YES;
				CLANG_WARN_INFINITE_RECURSION = YES;
				CLANG_WARN_INT_CONVERSION = YES;
				CLANG_WARN_NON_LITERAL_NULL_CONVERSION = YES;
				CLANG_WARN_OBJC_IMPLICIT_RETAIN_SELF = YES;
				CLANG_WARN_OBJC_LITERAL_CONVERSION = YES;
				CLANG_WARN_OBJC_ROOT_CLASS = YES_ERROR;
				CLANG_WARN_QUOTED_INCLUDE_IN_FRAMEWORK_HEADER = YES;
				CLANG_WARN_RANGE_LOOP_ANALYSIS = YES;
				CLANG_WARN_STRICT_PROTOTYPES = YES;
				CLANG_WARN_SUSPICIOUS_MOVE = YES;
				CLANG_WARN_UNGUARDED_AVAILABILITY = YES_AGGRESSIVE;
				CLANG_WARN_UNREACHABLE_CODE = YES;
				CLANG_WARN__DUPLICATE_METHOD_MATCH = YES;
				COPY_PHASE_STRIP = NO;
				DEBUG_INFORMATION_FORMAT = dwarf;
				ENABLE_STRICT_OBJC_MSGSEND = YES;
				ENABLE_TESTABILITY = YES;
				ENABLE_USER_SCRIPT_SANDBOXING = YES;
				GCC_C_LANGUAGE_STANDARD = gnu17;
				GCC_DYNAMIC_NO_PIC = NO;
				GCC_NO_COMMON_BLOCKS = YES;
				GCC_OPTIMIZATION_LEVEL = 0;
				GCC_PREPROCESSOR_DEFINITIONS = (
					"DEBUG=1",
					"$(inherited)",
				);
				GCC_WARN_64_TO_32_BIT_CONVERSION = YES;
				GCC_WARN_ABOUT_RETURN_TYPE = YES_ERROR;
				GCC_WARN_UNDECLARED_SELECTOR = YES;
				GCC_WARN_UNINITIALIZED_AUTOS = YES_AGGRESSIVE;
				GCC_WARN_UNUSED_FUNCTION = YES;
				GCC_WARN_UNUSED_VARIABLE = YES;
				IPHONEOS_DEPLOYMENT_TARGET = 17.4;
				LOCALIZATION_PREFERS_STRING_CATALOGS = YES;
				MTL_ENABLE_DEBUG_INFO = INCLUDE_SOURCE;
				MTL_FAST_MATH = YES;
				ONLY_ACTIVE_ARCH = YES;
				SDKROOT = iphoneos;
				SWIFT_ACTIVE_COMPILATION_CONDITIONS = "DEBUG $(inherited)";
				SWIFT_OPTIMIZATION_LEVEL = "-Onone";
			};
			name = Debug;
		};
		AE0A00572BED43DD0017E6E9 /* Release */ = {
			isa = XCBuildConfiguration;
			buildSettings = {
				ALWAYS_SEARCH_USER_PATHS = NO;
				ASSETCATALOG_COMPILER_GENERATE_SWIFT_ASSET_SYMBOL_EXTENSIONS = YES;
				CLANG_ANALYZER_NONNULL = YES;
				CLANG_ANALYZER_NUMBER_OBJECT_CONVERSION = YES_AGGRESSIVE;
				CLANG_CXX_LANGUAGE_STANDARD = "gnu++20";
				CLANG_ENABLE_MODULES = YES;
				CLANG_ENABLE_OBJC_ARC = YES;
				CLANG_ENABLE_OBJC_WEAK = YES;
				CLANG_WARN_BLOCK_CAPTURE_AUTORELEASING = YES;
				CLANG_WARN_BOOL_CONVERSION = YES;
				CLANG_WARN_COMMA = YES;
				CLANG_WARN_CONSTANT_CONVERSION = YES;
				CLANG_WARN_DEPRECATED_OBJC_IMPLEMENTATIONS = YES;
				CLANG_WARN_DIRECT_OBJC_ISA_USAGE = YES_ERROR;
				CLANG_WARN_DOCUMENTATION_COMMENTS = YES;
				CLANG_WARN_EMPTY_BODY = YES;
				CLANG_WARN_ENUM_CONVERSION = YES;
				CLANG_WARN_INFINITE_RECURSION = YES;
				CLANG_WARN_INT_CONVERSION = YES;
				CLANG_WARN_NON_LITERAL_NULL_CONVERSION = YES;
				CLANG_WARN_OBJC_IMPLICIT_RETAIN_SELF = YES;
				CLANG_WARN_OBJC_LITERAL_CONVERSION = YES;
				CLANG_WARN_OBJC_ROOT_CLASS = YES_ERROR;
				CLANG_WARN_QUOTED_INCLUDE_IN_FRAMEWORK_HEADER = YES;
				CLANG_WARN_RANGE_LOOP_ANALYSIS = YES;
				CLANG_WARN_STRICT_PROTOTYPES = YES;
				CLANG_WARN_SUSPICIOUS_MOVE = YES;
				CLANG_WARN_UNGUARDED_AVAILABILITY = YES_AGGRESSIVE;
				CLANG_WARN_UNREACHABLE_CODE = YES;
				CLANG_WARN__DUPLICATE_METHOD_MATCH = YES;
				COPY_PHASE_STRIP = NO;
				DEBUG_INFORMATION_FORMAT = "dwarf-with-dsym";
				ENABLE_NS_ASSERTIONS = NO;
				ENABLE_STRICT_OBJC_MSGSEND = YES;
				ENABLE_USER_SCRIPT_SANDBOXING = YES;
				GCC_C_LANGUAGE_STANDARD = gnu17;
				GCC_NO_COMMON_BLOCKS = YES;
				GCC_WARN_64_TO_32_BIT_CONVERSION = YES;
				GCC_WARN_ABOUT_RETURN_TYPE = YES_ERROR;
				GCC_WARN_UNDECLARED_SELECTOR = YES;
				GCC_WARN_UNINITIALIZED_AUTOS = YES_AGGRESSIVE;
				GCC_WARN_UNUSED_FUNCTION = YES;
				GCC_WARN_UNUSED_VARIABLE = YES;
				IPHONEOS_DEPLOYMENT_TARGET = 17.4;
				LOCALIZATION_PREFERS_STRING_CATALOGS = YES;
				MTL_ENABLE_DEBUG_INFO = NO;
				MTL_FAST_MATH = YES;
				SDKROOT = iphoneos;
				SWIFT_COMPILATION_MODE = wholemodule;
				VALIDATE_PRODUCT = YES;
			};
			name = Release;
		};
		AE0A00592BED43DD0017E6E9 /* Debug */ = {
			isa = XCBuildConfiguration;
			buildSettings = {
				ASSETCATALOG_COMPILER_APPICON_NAME = AppIcon;
				ASSETCATALOG_COMPILER_GLOBAL_ACCENT_COLOR_NAME = AccentColor;
				CODE_SIGN_STYLE = Automatic;
				CURRENT_PROJECT_VERSION = 1;
				DEVELOPMENT_ASSET_PATHS = "\"I AM RICH 2/Preview Content\"";
				DEVELOPMENT_TEAM = 46QD57XK46;
				ENABLE_PREVIEWS = YES;
				GENERATE_INFOPLIST_FILE = YES;
				INFOPLIST_KEY_UIApplicationSceneManifest_Generation = YES;
				INFOPLIST_KEY_UIApplicationSupportsIndirectInputEvents = YES;
				INFOPLIST_KEY_UILaunchScreen_Generation = YES;
				INFOPLIST_KEY_UISupportedInterfaceOrientations_iPad = "UIInterfaceOrientationPortrait UIInterfaceOrientationPortraitUpsideDown UIInterfaceOrientationLandscapeLeft UIInterfaceOrientationLandscapeRight";
				INFOPLIST_KEY_UISupportedInterfaceOrientations_iPhone = "UIInterfaceOrientationPortrait UIInterfaceOrientationLandscapeLeft UIInterfaceOrientationLandscapeRight";
				LD_RUNPATH_SEARCH_PATHS = (
					"$(inherited)",
					"@executable_path/Frameworks",
				);
				MARKETING_VERSION = 1.0;
				PRODUCT_BUNDLE_IDENTIFIER = "com.Prajot.I-AM-RICH-2";
				PRODUCT_NAME = "$(TARGET_NAME)";
				SWIFT_EMIT_LOC_STRINGS = YES;
				SWIFT_VERSION = 5.0;
				TARGETED_DEVICE_FAMILY = "1,2";
			};
			name = Debug;
		};
		AE0A005A2BED43DD0017E6E9 /* Release */ = {
			isa = XCBuildConfiguration;
			buildSettings = {
				ASSETCATALOG_COMPILER_APPICON_NAME = AppIcon;
				ASSETCATALOG_COMPILER_GLOBAL_ACCENT_COLOR_NAME = AccentColor;
				CODE_SIGN_STYLE = Automatic;
				CURRENT_PROJECT_VERSION = 1;
				DEVELOPMENT_ASSET_PATHS = "\"I AM RICH 2/Preview Content\"";
				DEVELOPMENT_TEAM = 46QD57XK46;
				ENABLE_PREVIEWS = YES;
				GENERATE_INFOPLIST_FILE = YES;
				INFOPLIST_KEY_UIApplicationSceneManifest_Generation = YES;
				INFOPLIST_KEY_UIApplicationSupportsIndirectInputEvents = YES;
				INFOPLIST_KEY_UILaunchScreen_Generation = YES;
				INFOPLIST_KEY_UISupportedInterfaceOrientations_iPad = "UIInterfaceOrientationPortrait UIInterfaceOrientationPortraitUpsideDown UIInterfaceOrientationLandscapeLeft UIInterfaceOrientationLandscapeRight";
				INFOPLIST_KEY_UISupportedInterfaceOrientations_iPhone = "UIInterfaceOrientationPortrait UIInterfaceOrientationLandscapeLeft UIInterfaceOrientationLandscapeRight";
				LD_RUNPATH_SEARCH_PATHS = (
					"$(inherited)",
					"@executable_path/Frameworks",
				);
				MARKETING_VERSION = 1.0;
				PRODUCT_BUNDLE_IDENTIFIER = "com.Prajot.I-AM-RICH-2";
				PRODUCT_NAME = "$(TARGET_NAME)";
				SWIFT_EMIT_LOC_STRINGS = YES;
				SWIFT_VERSION = 5.0;
				TARGETED_DEVICE_FAMILY = "1,2";
			};
			name = Release;
		};
		AE0A005C2BED43DD0017E6E9 /* Debug */ = {
			isa = XCBuildConfiguration;
			buildSettings = {
				ALWAYS_EMBED_SWIFT_STANDARD_LIBRARIES = YES;
				BUNDLE_LOADER = "$(TEST_HOST)";
				CODE_SIGN_STYLE = Automatic;
				CURRENT_PROJECT_VERSION = 1;
				DEVELOPMENT_TEAM = 46QD57XK46;
				GENERATE_INFOPLIST_FILE = YES;
				IPHONEOS_DEPLOYMENT_TARGET = 17.4;
				MARKETING_VERSION = 1.0;
				PRODUCT_BUNDLE_IDENTIFIER = "com.Prajot.I-AM-RICH-2Tests";
				PRODUCT_NAME = "$(TARGET_NAME)";
				SWIFT_EMIT_LOC_STRINGS = NO;
				SWIFT_VERSION = 5.0;
				TARGETED_DEVICE_FAMILY = "1,2";
				TEST_HOST = "$(BUILT_PRODUCTS_DIR)/I AM RICH 2.app/$(BUNDLE_EXECUTABLE_FOLDER_PATH)/I AM RICH 2";
			};
			name = Debug;
		};
		AE0A005D2BED43DD0017E6E9 /* Release */ = {
			isa = XCBuildConfiguration;
			buildSettings = {
				ALWAYS_EMBED_SWIFT_STANDARD_LIBRARIES = YES;
				BUNDLE_LOADER = "$(TEST_HOST)";
				CODE_SIGN_STYLE = Automatic;
				CURRENT_PROJECT_VERSION = 1;
				DEVELOPMENT_TEAM = 46QD57XK46;
				GENERATE_INFOPLIST_FILE = YES;
				IPHONEOS_DEPLOYMENT_TARGET = 17.4;
				MARKETING_VERSION = 1.0;
				PRODUCT_BUNDLE_IDENTIFIER = "com.Prajot.I-AM-RICH-2Tests";
				PRODUCT_NAME = "$(TARGET_NAME)";
				SWIFT_EMIT_LOC_STRINGS = NO;
				SWIFT_VERSION = 5.0;
				TARGETED_DEVICE_FAMILY = "1,2";
				TEST_HOST = "$(BUILT_PRODUCTS_DIR)/I AM RICH 2.app/$(BUNDLE_EXECUTABLE_FOLDER_PATH)/I AM RICH 2";
			};
			name = Release;
		};
		AE0A005F2BED43DD0017E6E9 /* Debug */ = {
			isa = XCBuildConfiguration;
			buildSettings = {
				ALWAYS_EMBED_SWIFT_STANDARD_LIBRARIES = YES;
				CODE_SIGN_STYLE = Automatic;
				CURRENT_PROJECT_VERSION = 1;
				DEVELOPMENT_TEAM = 46QD57XK46;
				GENERATE_INFOPLIST_FILE = YES;
				MARKETING_VERSION = 1.0;
				PRODUCT_BUNDLE_IDENTIFIER = "com.Prajot.I-AM-RICH-2UITests";
				PRODUCT_NAME = "$(TARGET_NAME)";
				SWIFT_EMIT_LOC_STRINGS = NO;
				SWIFT_VERSION = 5.0;
				TARGETED_DEVICE_FAMILY = "1,2";
				TEST_TARGET_NAME = "I AM RICH 2";
			};
			name = Debug;
		};
		AE0A00602BED43DD0017E6E9 /* Release */ = {
			isa = XCBuildConfiguration;
			buildSettings = {
				ALWAYS_EMBED_SWIFT_STANDARD_LIBRARIES = YES;
				CODE_SIGN_STYLE = Automatic;
				CURRENT_PROJECT_VERSION = 1;
				DEVELOPMENT_TEAM = 46QD57XK46;
				GENERATE_INFOPLIST_FILE = YES;
				MARKETING_VERSION = 1.0;
				PRODUCT_BUNDLE_IDENTIFIER = "com.Prajot.I-AM-RICH-2UITests";
				PRODUCT_NAME = "$(TARGET_NAME)";
				SWIFT_EMIT_LOC_STRINGS = NO;
				SWIFT_VERSION = 5.0;
				TARGETED_DEVICE_FAMILY = "1,2";
				TEST_TARGET_NAME = "I AM RICH 2";
			};
			name = Release;
		};
/* End XCBuildConfiguration section */

/* Begin XCConfigurationList section */
		AE0A002F2BED43DB0017E6E9 /* Build configuration list for PBXProject "I AM RICH 2" */ = {
			isa = XCConfigurationList;
			buildConfigurations = (
				AE0A00562BED43DD0017E6E9 /* Debug */,
				AE0A00572BED43DD0017E6E9 /* Release */,
			);
			defaultConfigurationIsVisible = 0;
			defaultConfigurationName = Release;
		};
		AE0A00582BED43DD0017E6E9 /* Build configuration list for PBXNativeTarget "I AM RICH 2" */ = {
			isa = XCConfigurationList;
			buildConfigurations = (
				AE0A00592BED43DD0017E6E9 /* Debug */,
				AE0A005A2BED43DD0017E6E9 /* Release */,
			);
			defaultConfigurationIsVisible = 0;
			defaultConfigurationName = Release;
		};
		AE0A005B2BED43DD0017E6E9 /* Build configuration list for PBXNativeTarget "I AM RICH 2Tests" */ = {
			isa = XCConfigurationList;
			buildConfigurations = (
				AE0A005C2BED43DD0017E6E9 /* Debug */,
				AE0A005D2BED43DD0017E6E9 /* Release */,
			);
			defaultConfigurationIsVisible = 0;
			defaultConfigurationName = Release;
		};
		AE0A005E2BED43DD0017E6E9 /* Build configuration list for PBXNativeTarget "I AM RICH 2UITests" */ = {
			isa = XCConfigurationList;
			buildConfigurations = (
				AE0A005F2BED43DD0017E6E9 /* Debug */,
				AE0A00602BED43DD0017E6E9 /* Release */,
			);
			defaultConfigurationIsVisible = 0;
			defaultConfigurationName = Release;
		};
/* End XCConfigurationList section */
	};
	rootObject = AE0A002C2BED43DB0017E6E9 /* Project object */;
}
